
Microsoft Visual Studio Solution File, Format Version 12.00
# Visual Studio Version 17
VisualStudioVersion = 17.5.002.0
MinimumVisualStudioVersion = 10.0.40219.1
Project("{9A19103F-16F7-4668-BE54-9A1E7A4F7556}") = "painelCliente", "painelCliente.csproj", "{F3FCCBE3-238C-4A9C-9819-2A8F19E007B0}"
EndProject
Global
	GlobalSection(SolutionConfigurationPlatforms) = preSolution
		Debug|Any CPU = Debug|Any CPU
		Release|Any CPU = Release|Any CPU
	EndGlobalSection
	GlobalSection(ProjectConfigurationPlatforms) = postSolution
		{F3FCCBE3-238C-4A9C-9819-2A8F19E007B0}.Debug|Any CPU.ActiveCfg = Debug|Any CPU
		{F3FCCBE3-238C-4A9C-9819-2A8F19E007B0}.Debug|Any CPU.Build.0 = Debug|Any CPU
		{F3FCCBE3-238C-4A9C-9819-2A8F19E007B0}.Release|Any CPU.ActiveCfg = Release|Any CPU
		{F3FCCBE3-238C-4A9C-9819-2A8F19E007B0}.Release|Any CPU.Build.0 = Release|Any CPU
	EndGlobalSection
	GlobalSection(SolutionProperties) = preSolution
		HideSolutionNode = FALSE
	EndGlobalSection
	GlobalSection(ExtensibilityGlobals) = postSolution
		SolutionGuid = {306E25C7-1873-4A3B-BC8A-2261B501C38C}
	EndGlobalSection
EndGlobal
